
Microsoft Visual Studio Solution File, Format Version 12.00
# Visual Studio 15
VisualStudioVersion = 15.0.27703.2026
MinimumVisualStudioVersion = 10.0.40219.1
Project("{FAE04EC0-301F-11D3-BF4B-00C04F79EFBC}") = "FaceApiDemo", "FaceApiDemo\FaceApiDemo.csproj", "{A1BC622F-1D4F-4599-A6FD-CE6D19C60DFF}"
EndProject
Global
	GlobalSection(SolutionConfigurationPlatforms) = preSolution
		Debug|Any CPU = Debug|Any CPU
		Release|Any CPU = Release|Any CPU
	EndGlobalSection
	GlobalSection(ProjectConfigurationPlatforms) = postSolution
		{A1BC622F-1D4F-4599-A6FD-CE6D19C60DFF}.Debug|Any CPU.ActiveCfg = Debug|Any CPU
		{A1BC622F-1D4F-4599-A6FD-CE6D19C60DFF}.Debug|Any CPU.Build.0 = Debug|Any CPU
		{A1BC622F-1D4F-4599-A6FD-CE6D19C60DFF}.Release|Any CPU.ActiveCfg = Release|Any CPU
		{A1BC622F-1D4F-4599-A6FD-CE6D19C60DFF}.Release|Any CPU.Build.0 = Release|Any CPU
	EndGlobalSection
	GlobalSection(SolutionProperties) = preSolution
		HideSolutionNode = FALSE
	EndGlobalSection
	GlobalSection(ExtensibilityGlobals) = postSolution
		SolutionGuid = {F32D2118-EE12-4D91-80E8-DBDBC7F66362}
	EndGlobalSection
EndGlobal
